// !$*UTF8*$!
{
	archiveVersion = 1;
	classes = {
	};
	objectVersion = 48;
	objects = {

/* Begin PBXBuildFile section */
		456A3C001F89486900B476D5 /* GitHubClientError.swift in Sources */ = {isa = PBXBuildFile; fileRef = 456A3BFF1F89486900B476D5 /* GitHubClientError.swift */; };
		456A3C021F894B0A00B476D5 /* GitHubAPIError.swift in Sources */ = {isa = PBXBuildFile; fileRef = 456A3C011F894B0A00B476D5 /* GitHubAPIError.swift */; };
		45A84CD51F86A40B0079B789 /* main.swift in Sources */ = {isa = PBXBuildFile; fileRef = 45A84CD41F86A40B0079B789 /* main.swift */; };
		45A84CDD1F86A4440079B789 /* User.swift in Sources */ = {isa = PBXBuildFile; fileRef = 45A84CDC1F86A4440079B789 /* User.swift */; };
		45A84CE11F86A4DF0079B789 /* Repository.swift in Sources */ = {isa = PBXBuildFile; fileRef = 45A84CE01F86A4DF0079B789 /* Repository.swift */; };
		45A84CE31F86A51D0079B789 /* JSONDecodeError.swift in Sources */ = {isa = PBXBuildFile; fileRef = 45A84CE21F86A51D0079B789 /* JSONDecodeError.swift */; };
		45A84CE51F86A7400079B789 /* JSONDecodable.swift in Sources */ = {isa = PBXBuildFile; fileRef = 45A84CE41F86A7400079B789 /* JSONDecodable.swift */; };
		45A84CE71F86A9DD0079B789 /* SearchResponse.swift in Sources */ = {isa = PBXBuildFile; fileRef = 45A84CE61F86A9DD0079B789 /* SearchResponse.swift */; };
		45D1A1C81F8BD7BD00EC05F1 /* GitHubRequest.swift in Sources */ = {isa = PBXBuildFile; fileRef = 45D1A1C71F8BD7BD00EC05F1 /* GitHubRequest.swift */; };
		45D1A1CA1F8BD85100EC05F1 /* HTTPMethod.swift in Sources */ = {isa = PBXBuildFile; fileRef = 45D1A1C91F8BD85100EC05F1 /* HTTPMethod.swift */; };
		45D1A1CC1F8BD96700EC05F1 /* GitHubAPI.swift in Sources */ = {isa = PBXBuildFile; fileRef = 45D1A1CB1F8BD96700EC05F1 /* GitHubAPI.swift */; };
		45D1A1CE1F8BDF5000EC05F1 /* GitHubClient.swift in Sources */ = {isa = PBXBuildFile; fileRef = 45D1A1CD1F8BDF5000EC05F1 /* GitHubClient.swift */; };
		45D1A1D11F8BE32900EC05F1 /* Result.swift in Sources */ = {isa = PBXBuildFile; fileRef = 45D1A1D01F8BE32900EC05F1 /* Result.swift */; };
/* End PBXBuildFile section */

/* Begin PBXCopyFilesBuildPhase section */
		45A84CCF1F86A40B0079B789 /* CopyFiles */ = {
			isa = PBXCopyFilesBuildPhase;
			buildActionMask = 2147483647;
			dstPath = /usr/share/man/man1/;
			dstSubfolderSpec = 0;
			files = (
			);
			runOnlyForDeploymentPostprocessing = 1;
		};
/* End PBXCopyFilesBuildPhase section */

/* Begin PBXFileReference section */
		456A3BFF1F89486900B476D5 /* GitHubClientError.swift */ = {isa = PBXFileReference; lastKnownFileType = sourcecode.swift; path = GitHubClientError.swift; sourceTree = "<group>"; };
		456A3C011F894B0A00B476D5 /* GitHubAPIError.swift */ = {isa = PBXFileReference; lastKnownFileType = sourcecode.swift; path = GitHubAPIError.swift; sourceTree = "<group>"; };
		45A84CD11F86A40B0079B789 /* GitHubSearchRepo */ = {isa = PBXFileReference; explicitFileType = "compiled.mach-o.executable"; includeInIndex = 0; path = GitHubSearchRepo; sourceTree = BUILT_PRODUCTS_DIR; };
		45A84CD41F86A40B0079B789 /* main.swift */ = {isa = PBXFileReference; lastKnownFileType = sourcecode.swift; path = main.swift; sourceTree = "<group>"; };
		45A84CDC1F86A4440079B789 /* User.swift */ = {isa = PBXFileReference; lastKnownFileType = sourcecode.swift; path = User.swift; sourceTree = "<group>"; };
		45A84CE01F86A4DF0079B789 /* Repository.swift */ = {isa = PBXFileReference; lastKnownFileType = sourcecode.swift; path = Repository.swift; sourceTree = "<group>"; };
		45A84CE21F86A51D0079B789 /* JSONDecodeError.swift */ = {isa = PBXFileReference; lastKnownFileType = sourcecode.swift; path = JSONDecodeError.swift; sourceTree = "<group>"; };
		45A84CE41F86A7400079B789 /* JSONDecodable.swift */ = {isa = PBXFileReference; lastKnownFileType = sourcecode.swift; path = JSONDecodable.swift; sourceTree = "<group>"; };
		45A84CE61F86A9DD0079B789 /* SearchResponse.swift */ = {isa = PBXFileReference; lastKnownFileType = sourcecode.swift; path = SearchResponse.swift; sourceTree = "<group>"; };
		45D1A1C71F8BD7BD00EC05F1 /* GitHubRequest.swift */ = {isa = PBXFileReference; lastKnownFileType = sourcecode.swift; path = GitHubRequest.swift; sourceTree = "<group>"; };
		45D1A1C91F8BD85100EC05F1 /* HTTPMethod.swift */ = {isa = PBXFileReference; lastKnownFileType = sourcecode.swift; path = HTTPMethod.swift; sourceTree = "<group>"; };
		45D1A1CB1F8BD96700EC05F1 /* GitHubAPI.swift */ = {isa = PBXFileReference; lastKnownFileType = sourcecode.swift; path = GitHubAPI.swift; sourceTree = "<group>"; };
		45D1A1CD1F8BDF5000EC05F1 /* GitHubClient.swift */ = {isa = PBXFileReference; lastKnownFileType = sourcecode.swift; path = GitHubClient.swift; sourceTree = "<group>"; };
		45D1A1D01F8BE32900EC05F1 /* Result.swift */ = {isa = PBXFileReference; lastKnownFileType = sourcecode.swift; path = Result.swift; sourceTree = "<group>"; };
/* End PBXFileReference section */

/* Begin PBXFrameworksBuildPhase section */
		45A84CCE1F86A40B0079B789 /* Frameworks */ = {
			isa = PBXFrameworksBuildPhase;
			buildActionMask = 2147483647;
			files = (
			);
			runOnlyForDeploymentPostprocessing = 0;
		};
/* End PBXFrameworksBuildPhase section */

/* Begin PBXGroup section */
		45A84CC81F86A40B0079B789 = {
			isa = PBXGroup;
			children = (
				45A84CD31F86A40B0079B789 /* GitHubSearchRepo */,
				45A84CD21F86A40B0079B789 /* Products */,
			);
			sourceTree = "<group>";
		};
		45A84CD21F86A40B0079B789 /* Products */ = {
			isa = PBXGroup;
			children = (
				45A84CD11F86A40B0079B789 /* GitHubSearchRepo */,
			);
			name = Products;
			sourceTree = "<group>";
		};
		45A84CD31F86A40B0079B789 /* GitHubSearchRepo */ = {
			isa = PBXGroup;
			children = (
				45A84CDF1F86A4810079B789 /* Request */,
				45A84CDE1F86A47B0079B789 /* Error */,
				45A84CDB1F86A42B0079B789 /* Response */,
				45A84CD41F86A40B0079B789 /* main.swift */,
			);
			path = GitHubSearchRepo;
			sourceTree = "<group>";
		};
		45A84CDB1F86A42B0079B789 /* Response */ = {
			isa = PBXGroup;
			children = (
				45A84CE41F86A7400079B789 /* JSONDecodable.swift */,
				45A84CE01F86A4DF0079B789 /* Repository.swift */,
				45D1A1D01F8BE32900EC05F1 /* Result.swift */,
				45A84CE61F86A9DD0079B789 /* SearchResponse.swift */,
				45A84CDC1F86A4440079B789 /* User.swift */,
			);
			path = Response;
			sourceTree = "<group>";
		};
		45A84CDE1F86A47B0079B789 /* Error */ = {
			isa = PBXGroup;
			children = (
				456A3C011F894B0A00B476D5 /* GitHubAPIError.swift */,
				456A3BFF1F89486900B476D5 /* GitHubClientError.swift */,
				45A84CE21F86A51D0079B789 /* JSONDecodeError.swift */,
			);
			path = Error;
			sourceTree = "<group>";
		};
		45A84CDF1F86A4810079B789 /* Request */ = {
			isa = PBXGroup;
			children = (
				45D1A1CB1F8BD96700EC05F1 /* GitHubAPI.swift */,
				45D1A1CD1F8BDF5000EC05F1 /* GitHubClient.swift */,
				45D1A1C71F8BD7BD00EC05F1 /* GitHubRequest.swift */,
				45D1A1C91F8BD85100EC05F1 /* HTTPMethod.swift */,
			);
			path = Request;
			sourceTree = "<group>";
		};
/* End PBXGroup section */

/* Begin PBXNativeTarget section */
		45A84CD01F86A40B0079B789 /* GitHubSearchRepo */ = {
			isa = PBXNativeTarget;
			buildConfigurationList = 45A84CD81F86A40B0079B789 /* Build configuration list for PBXNativeTarget "GitHubSearchRepo" */;
			buildPhases = (
				45A84CCD1F86A40B0079B789 /* Sources */,
				45A84CCE1F86A40B0079B789 /* Frameworks */,
				45A84CCF1F86A40B0079B789 /* CopyFiles */,
			);
			buildRules = (
			);
			dependencies = (
			);
			name = GitHubSearchRepo;
			productName = GitHubSearchRepo;
			productReference = 45A84CD11F86A40B0079B789 /* GitHubSearchRepo */;
			productType = "com.apple.product-type.tool";
		};
/* End PBXNativeTarget section */

/* Begin PBXProject section */
		45A84CC91F86A40B0079B789 /* Project object */ = {
			isa = PBXProject;
			attributes = {
				LastSwiftUpdateCheck = 0900;
				LastUpgradeCheck = 0900;
				ORGANIZATIONNAME = lifehack;
				TargetAttributes = {
					45A84CD01F86A40B0079B789 = {
						CreatedOnToolsVersion = 9.0;
						ProvisioningStyle = Automatic;
					};
				};
			};
			buildConfigurationList = 45A84CCC1F86A40B0079B789 /* Build configuration list for PBXProject "GitHubSearchRepo" */;
			compatibilityVersion = "Xcode 8.0";
			developmentRegion = en;
			hasScannedForEncodings = 0;
			knownRegions = (
				en,
			);
			mainGroup = 45A84CC81F86A40B0079B789;
			productRefGroup = 45A84CD21F86A40B0079B789 /* Products */;
			projectDirPath = "";
			projectRoot = "";
			targets = (
				45A84CD01F86A40B0079B789 /* GitHubSearchRepo */,
			);
		};
/* End PBXProject section */

/* Begin PBXSourcesBuildPhase section */
		45A84CCD1F86A40B0079B789 /* Sources */ = {
			isa = PBXSourcesBuildPhase;
			buildActionMask = 2147483647;
			files = (
				45A84CE31F86A51D0079B789 /* JSONDecodeError.swift in Sources */,
				45D1A1D11F8BE32900EC05F1 /* Result.swift in Sources */,
				45A84CE51F86A7400079B789 /* JSONDecodable.swift in Sources */,
				45A84CE71F86A9DD0079B789 /* SearchResponse.swift in Sources */,
				45D1A1CE1F8BDF5000EC05F1 /* GitHubClient.swift in Sources */,
				45A84CDD1F86A4440079B789 /* User.swift in Sources */,
				45A84CD51F86A40B0079B789 /* main.swift in Sources */,
				456A3C001F89486900B476D5 /* GitHubClientError.swift in Sources */,
				456A3C021F894B0A00B476D5 /* GitHubAPIError.swift in Sources */,
				45D1A1C81F8BD7BD00EC05F1 /* GitHubRequest.swift in Sources */,
				45D1A1CA1F8BD85100EC05F1 /* HTTPMethod.swift in Sources */,
				45D1A1CC1F8BD96700EC05F1 /* GitHubAPI.swift in Sources */,
				45A84CE11F86A4DF0079B789 /* Repository.swift in Sources */,
			);
			runOnlyForDeploymentPostprocessing = 0;
		};
/* End PBXSourcesBuildPhase section */

/* Begin XCBuildConfiguration section */
		45A84CD61F86A40B0079B789 /* Debug */ = {
			isa = XCBuildConfiguration;
			buildSettings = {
				ALWAYS_SEARCH_USER_PATHS = NO;
				CLANG_ANALYZER_NONNULL = YES;
				CLANG_ANALYZER_NUMBER_OBJECT_CONVERSION = YES_AGGRESSIVE;
				CLANG_CXX_LANGUAGE_STANDARD = "gnu++14";
				CLANG_CXX_LIBRARY = "libc++";
				CLANG_ENABLE_MODULES = YES;
				CLANG_ENABLE_OBJC_ARC = YES;
				CLANG_WARN_BLOCK_CAPTURE_AUTORELEASING = YES;
				CLANG_WARN_BOOL_CONVERSION = YES;
				CLANG_WARN_COMMA = YES;
				CLANG_WARN_CONSTANT_CONVERSION = YES;
				CLANG_WARN_DIRECT_OBJC_ISA_USAGE = YES_ERROR;
				CLANG_WARN_DOCUMENTATION_COMMENTS = YES;
				CLANG_WARN_EMPTY_BODY = YES;
				CLANG_WARN_ENUM_CONVERSION = YES;
				CLANG_WARN_INFINITE_RECURSION = YES;
				CLANG_WARN_INT_CONVERSION = YES;
				CLANG_WARN_NON_LITERAL_NULL_CONVERSION = YES;
				CLANG_WARN_OBJC_LITERAL_CONVERSION = YES;
				CLANG_WARN_OBJC_ROOT_CLASS = YES_ERROR;
				CLANG_WARN_RANGE_LOOP_ANALYSIS = YES;
				CLANG_WARN_STRICT_PROTOTYPES = YES;
				CLANG_WARN_SUSPICIOUS_MOVE = YES;
				CLANG_WARN_UNGUARDED_AVAILABILITY = YES_AGGRESSIVE;
				CLANG_WARN_UNREACHABLE_CODE = YES;
				CLANG_WARN__DUPLICATE_METHOD_MATCH = YES;
				CODE_SIGN_IDENTITY = "-";
				COPY_PHASE_STRIP = NO;
				DEBUG_INFORMATION_FORMAT = dwarf;
				ENABLE_STRICT_OBJC_MSGSEND = YES;
				ENABLE_TESTABILITY = YES;
				GCC_C_LANGUAGE_STANDARD = gnu11;
				GCC_DYNAMIC_NO_PIC = NO;
				GCC_NO_COMMON_BLOCKS = YES;
				GCC_OPTIMIZATION_LEVEL = 0;
				GCC_PREPROCESSOR_DEFINITIONS = (
					"DEBUG=1",
					"$(inherited)",
				);
				GCC_WARN_64_TO_32_BIT_CONVERSION = YES;
				GCC_WARN_ABOUT_RETURN_TYPE = YES_ERROR;
				GCC_WARN_UNDECLARED_SELECTOR = YES;
				GCC_WARN_UNINITIALIZED_AUTOS = YES_AGGRESSIVE;
				GCC_WARN_UNUSED_FUNCTION = YES;
				GCC_WARN_UNUSED_VARIABLE = YES;
				MACOSX_DEPLOYMENT_TARGET = 10.12;
				MTL_ENABLE_DEBUG_INFO = YES;
				ONLY_ACTIVE_ARCH = YES;
				SDKROOT = macosx;
				SWIFT_ACTIVE_COMPILATION_CONDITIONS = DEBUG;
				SWIFT_OPTIMIZATION_LEVEL = "-Onone";
			};
			name = Debug;
		};
		45A84CD71F86A40B0079B789 /* Release */ = {
			isa = XCBuildConfiguration;
			buildSettings = {
				ALWAYS_SEARCH_USER_PATHS = NO;
				CLANG_ANALYZER_NONNULL = YES;
				CLANG_ANALYZER_NUMBER_OBJECT_CONVERSION = YES_AGGRESSIVE;
				CLANG_CXX_LANGUAGE_STANDARD = "gnu++14";
				CLANG_CXX_LIBRARY = "libc++";
				CLANG_ENABLE_MODULES = YES;
				CLANG_ENABLE_OBJC_ARC = YES;
				CLANG_WARN_BLOCK_CAPTURE_AUTORELEASING = YES;
				CLANG_WARN_BOOL_CONVERSION = YES;
				CLANG_WARN_COMMA = YES;
				CLANG_WARN_CONSTANT_CONVERSION = YES;
				CLANG_WARN_DIRECT_OBJC_ISA_USAGE = YES_ERROR;
				CLANG_WARN_DOCUMENTATION_COMMENTS = YES;
				CLANG_WARN_EMPTY_BODY = YES;
				CLANG_WARN_ENUM_CONVERSION = YES;
				CLANG_WARN_INFINITE_RECURSION = YES;
				CLANG_WARN_INT_CONVERSION = YES;
				CLANG_WARN_NON_LITERAL_NULL_CONVERSION = YES;
				CLANG_WARN_OBJC_LITERAL_CONVERSION = YES;
				CLANG_WARN_OBJC_ROOT_CLASS = YES_ERROR;
				CLANG_WARN_RANGE_LOOP_ANALYSIS = YES;
				CLANG_WARN_STRICT_PROTOTYPES = YES;
				CLANG_WARN_SUSPICIOUS_MOVE = YES;
				CLANG_WARN_UNGUARDED_AVAILABILITY = YES_AGGRESSIVE;
				CLANG_WARN_UNREACHABLE_CODE = YES;
				CLANG_WARN__DUPLICATE_METHOD_MATCH = YES;
				CODE_SIGN_IDENTITY = "-";
				COPY_PHASE_STRIP = NO;
				DEBUG_INFORMATION_FORMAT = "dwarf-with-dsym";
				ENABLE_NS_ASSERTIONS = NO;
				ENABLE_STRICT_OBJC_MSGSEND = YES;
				GCC_C_LANGUAGE_STANDARD = gnu11;
				GCC_NO_COMMON_BLOCKS = YES;
				GCC_WARN_64_TO_32_BIT_CONVERSION = YES;
				GCC_WARN_ABOUT_RETURN_TYPE = YES_ERROR;
				GCC_WARN_UNDECLARED_SELECTOR = YES;
				GCC_WARN_UNINITIALIZED_AUTOS = YES_AGGRESSIVE;
				GCC_WARN_UNUSED_FUNCTION = YES;
				GCC_WARN_UNUSED_VARIABLE = YES;
				MACOSX_DEPLOYMENT_TARGET = 10.12;
				MTL_ENABLE_DEBUG_INFO = NO;
				SDKROOT = macosx;
				SWIFT_OPTIMIZATION_LEVEL = "-Owholemodule";
			};
			name = Release;
		};
		45A84CD91F86A40B0079B789 /* Debug */ = {
			isa = XCBuildConfiguration;
			buildSettings = {
				CODE_SIGN_STYLE = Automatic;
				PRODUCT_NAME = "$(TARGET_NAME)";
				SWIFT_VERSION = 4.0;
			};
			name = Debug;
		};
		45A84CDA1F86A40B0079B789 /* Release */ = {
			isa = XCBuildConfiguration;
			buildSettings = {
				CODE_SIGN_STYLE = Automatic;
				PRODUCT_NAME = "$(TARGET_NAME)";
				SWIFT_VERSION = 4.0;
			};
			name = Release;
		};
/* End XCBuildConfiguration section */

/* Begin XCConfigurationList section */
		45A84CCC1F86A40B0079B789 /* Build configuration list for PBXProject "GitHubSearchRepo" */ = {
			isa = XCConfigurationList;
			buildConfigurations = (
				45A84CD61F86A40B0079B789 /* Debug */,
				45A84CD71F86A40B0079B789 /* Release */,
			);
			defaultConfigurationIsVisible = 0;
			defaultConfigurationName = Release;
		};
		45A84CD81F86A40B0079B789 /* Build configuration list for PBXNativeTarget "GitHubSearchRepo" */ = {
			isa = XCConfigurationList;
			buildConfigurations = (
				45A84CD91F86A40B0079B789 /* Debug */,
				45A84CDA1F86A40B0079B789 /* Release */,
			);
			defaultConfigurationIsVisible = 0;
			defaultConfigurationName = Release;
		};
/* End XCConfigurationList section */
	};
	rootObject = 45A84CC91F86A40B0079B789 /* Project object */;
}
